# THIS IS AN AUTOGENERATED FILE. DO NOT EDIT THIS FILE DIRECTLY.
# yarn lockfile v1


is-any-array@^0.1.0:
  version "0.1.1"
  resolved "https://registry.yarnpkg.com/is-any-array/-/is-any-array-0.1.1.tgz#519776164315fcad0fd96a913e02409b18346fef"
  integrity sha512-qTiELO+kpTKqPgxPYbshMERlzaFu29JDnpB8s3bjg+JkxBpw29/qqSaOdKv2pCdaG92rLGeG/zG2GauX58hfoA==

is-any-array@^2.0.0:
  version "2.0.0"
  resolved "https://registry.yarnpkg.com/is-any-array/-/is-any-array-2.0.0.tgz#e71bc13741537c06afac03c07885967ef56d8742"
  integrity sha512-WdPV58rT3aOWXvvyuBydnCq4S2BM1Yz8shKxlEpk/6x+GX202XRvXOycEFtNgnHVLoc46hpexPFx8Pz1/sMS0w==

ml-array-max@^1.2.4:
  version "1.2.4"
  resolved "https://registry.yarnpkg.com/ml-array-max/-/ml-array-max-1.2.4.tgz#2373e2b7e51c8807e456cc0ef364c5863713623b"
  integrity sha512-BlEeg80jI0tW6WaPyGxf5Sa4sqvcyY6lbSn5Vcv44lp1I2GR6AWojfUvLnGTNsIXrZ8uqWmo8VcG1WpkI2ONMQ==
  dependencies:
    is-any-array "^2.0.0"

ml-array-min@^1.2.3:
  version "1.2.3"
  resolved "https://registry.yarnpkg.com/ml-array-min/-/ml-array-min-1.2.3.tgz#662f027c400105816b849cc3cd786915d0801495"
  integrity sha512-VcZ5f3VZ1iihtrGvgfh/q0XlMobG6GQ8FsNyQXD3T+IlstDv85g8kfV0xUG1QPRO/t21aukaJowDzMTc7j5V6Q==
  dependencies:
    is-any-array "^2.0.0"

ml-array-rescale@^1.3.7:
  version "1.3.7"
  resolved "https://registry.yarnpkg.com/ml-array-rescale/-/ml-array-rescale-1.3.7.tgz#c4d129320d113a732e62dd963dc1695bba9a5340"
  integrity sha512-48NGChTouvEo9KBctDfHC3udWnQKNKEWN0ziELvY3KG25GR5cA8K8wNVzracsqSW1QEkAXjTNx+ycgAv06/1mQ==
  dependencies:
    is-any-array "^2.0.0"
    ml-array-max "^1.2.4"
    ml-array-min "^1.2.3"

ml-levenberg-marquardt@^2.0.0:
  version "2.1.1"
  resolved "https://registry.yarnpkg.com/ml-levenberg-marquardt/-/ml-levenberg-marquardt-2.1.1.tgz#6a26751657adb340ed5ae4daadf5bfd2f757bdd4"
  integrity sha512-2+HwUqew4qFFFYujYlQtmFUrxCB4iJAPqnUYro3P831wj70eJZcANwcRaIMGUVaH9NDKzfYuA4N5u67KExmaRA==
  dependencies:
    is-any-array "^0.1.0"
    ml-matrix "^6.4.1"

ml-matrix@^6.4.1:
  version "6.10.4"
  resolved "https://registry.yarnpkg.com/ml-matrix/-/ml-matrix-6.10.4.tgz#babee344b20062d9c123aa801c2e5d0d0c7477f6"
  integrity sha512-rUyEhfNPzqFsltYwvjNeYQXlYEaVea3KgzcJKJteQUj2WVAGFx9fLNRjtMR9mg2B6bd5buxlmkZmxM4hmO+SKg==
  dependencies:
    is-any-array "^2.0.0"
    ml-array-rescale "^1.3.7"

umap-js@^1.3.3:
  version "1.3.3"
  resolved "https://registry.yarnpkg.com/umap-js/-/umap-js-1.3.3.tgz#4f04e4986549cad620dd84ff324bf7f124498e0e"
  integrity sha512-roaP4i1fXtCGOrgqYbmJPJ6rVOhhyzU4XPEM9rXAlqGQQLrslMWKQ9+fcGoN//WjrIRqsa6gBN0cW/2FV2PvPw==
  dependencies:
    ml-levenberg-marquardt "^2.0.0"
